
Microsoft Visual Studio Solution File, Format Version 12.00
# Visual Studio Version 16
VisualStudioVersion = 16.0.30711.63
MinimumVisualStudioVersion = 10.0.40219.1
Project("{9A19103F-16F7-4668-BE54-9A1E7A4F7556}") = "CSharp_CodeGenerate", "CSharp_CodeGenerate\CSharp_CodeGenerate.csproj", "{C420B7D0-EBAB-4E2B-B96C-A90633F26225}"
EndProject
Project("{FAE04EC0-301F-11D3-BF4B-00C04F79EFBC}") = "CodeGenerationTest", "CodeGenerationTest\CodeGenerationTest.csproj", "{A868C1E6-9DEE-4C20-9B5A-7FE83D7A6A89}"
EndProject
Global
	GlobalSection(SolutionConfigurationPlatforms) = preSolution
		Debug|Any CPU = Debug|Any CPU
		Release|Any CPU = Release|Any CPU
	EndGlobalSection
	GlobalSection(ProjectConfigurationPlatforms) = postSolution
		{C420B7D0-EBAB-4E2B-B96C-A90633F26225}.Debug|Any CPU.ActiveCfg = Debug|Any CPU
		{C420B7D0-EBAB-4E2B-B96C-A90633F26225}.Debug|Any CPU.Build.0 = Debug|Any CPU
		{C420B7D0-EBAB-4E2B-B96C-A90633F26225}.Release|Any CPU.ActiveCfg = Release|Any CPU
		{C420B7D0-EBAB-4E2B-B96C-A90633F26225}.Release|Any CPU.Build.0 = Release|Any CPU
		{A868C1E6-9DEE-4C20-9B5A-7FE83D7A6A89}.Debug|Any CPU.ActiveCfg = Debug|Any CPU
		{A868C1E6-9DEE-4C20-9B5A-7FE83D7A6A89}.Debug|Any CPU.Build.0 = Debug|Any CPU
		{A868C1E6-9DEE-4C20-9B5A-7FE83D7A6A89}.Release|Any CPU.ActiveCfg = Release|Any CPU
		{A868C1E6-9DEE-4C20-9B5A-7FE83D7A6A89}.Release|Any CPU.Build.0 = Release|Any CPU
	EndGlobalSection
	GlobalSection(SolutionProperties) = preSolution
		HideSolutionNode = FALSE
	EndGlobalSection
	GlobalSection(ExtensibilityGlobals) = postSolution
		SolutionGuid = {988ABD41-1DBB-4F2F-96D2-1956CB8F3D4B}
	EndGlobalSection
EndGlobal
